97722
/Users/mario.david/.sdkman/candidates/java/17.0.3-tem/bin/java -XX:TieredStopAtLevel=1 -Dfile.encoding=UTF-8 -Duser.country=DE -Duser.language=en -Duser.variant -cp /Users/mario.david/dev/jmix/jmix-example-test-notifications/build/classes/java/main:/Users/mario.david/dev/jmix/jmix-example-test-notifications/build/resources/main:/Users/mario.david/.gradle/caches/modules-2/files-2.1/io.jmix.core/jmix-core-starter/2.2.3/bd62c75e6507c79fef698f12724ae8ec832fa9e3/jmix-core-starter-2.2.3.jar:/Users/mario.david/.gradle/caches/modules-2/files-2.1/io.jmix.data/jmix-eclipselink-starter/2.2.3/8de110f63104d8abb9e6aaa2b361bc02f6832b90/jmix-eclipselink-starter-2.2.3.jar:/Users/mario.david/.gradle/caches/modules-2/files-2.1/io.jmix.security/jmix-security-starter/2.2.3/77168a91c0974f350f53287b1cf7aa3320f5d17/jmix-security-starter-2.2.3.jar:/Users/mario.david/.gradle/caches/modules-2/files-2.1/io.jmix.security/jmix-security-flowui-starter/2.2.3/8cf92ed3cfdc5fb3e80d9dde3dc3181266269948/jmix-security-flowui-starter-2.2.3.jar:/Users/mario.david/.gradle/caches/modules-2/files-2.1/io.jmix.security/jmix-security-data-starter/2.2.3/95cf040c9f47e75139792744417a1f9ffd47aa80/jmix-security-data-starter-2.2.3.jar:/Users/mario.david/.gradle/caches/modules-2/files-2.1/io.jmix.localfs/jmix-localfs-starter/2.2.3/79cc65e59b8c40f1c68e57ec3518db3a90e8ff3/jmix-localfs-starter-2.2.3.jar:/Users/mario.david/.gradle/caches/modules-2/files-2.1/io.jmix.flowui/jmix-flowui-starter/2.2.3/4c13b595ce49fa83c276bd7e2567fce847965455/jmix-flowui-starter-2.2.3.jar:/Users/mario.david/.gradle/caches/modules-2/files-2.1/io.jmix.flowui/jmix-flowui-data-starter/2.2.3/681f45d0bcad97d64e92d4a728e9afe5c17e28c7/jmix-flowui-data-starter-2.2.3.jar:/Users/mario.david/.gradle/caches/modules-2/files-2.1/io.jmix.flowui/jmix-flowui-themes/2.2.3/b7512b634dad023664755920f3e583bb3a13b04e/jmix-flowui-themes-2.2.3.jar:/Users/mario.david/.gradle/caches/modules-2/files-2.1/io.jmix.datatools/jmix-datatools-starter/2.2.3/2f0725d27310e312e9c438829160e02404116773/jmix-datatools-starter-2.2.3.jar:/Users/mario.david/.gradle/caches/modules-2/files-2.1/io.jmix.datatools/jmix-datatools-flowui-starter/2.2.3/bddcb986531df08129dafc741dbbccb9b337268e/jmix-datatools-flowui-starter-2.2.3.jar:/Users/mario.david/.gradle/caches/modules-2/files-2.1/io.jmix.datatools/jmix-datatools-flowui/2.2.3/e25d9396c450a20700637c430508a3cf660fc6b0/jmix-datatools-flowui-2.2.3.jar:/Users/mario.david/.gradle/caches/modules-2/files-2.1/io.jmix.flowui/jmix-flowui-data/2.2.3/48ae71a35e9bf586aa0df5c9d107b803baa226ff/jmix-flowui-data-2.2.3.jar:/Users/mario.david/.gradle/caches/modules-2/files-2.1/io.jmix.security/jmix-security-flowui/2.2.3/e3e9fe598bbfcf3bdad722b489018a2940f98a4f/jmix-security-flowui-2.2.3.jar:/Users/mario.david/.gradle/caches/modules-2/files-2.1/io.jmix.gridexport/jmix-gridexport-flowui/2.2.3/36f1b531220a126ae65fc80696a604c588061f8f/jmix-gridexport-flowui-2.2.3.jar:/Users/mario.david/.gradle/caches/modules-2/files-2.1/io.jmix.flowui/jmix-flowui/2.2.3/4273ffcdb9c43e4fdb9688c7294bf9e10f95c43b/jmix-flowui-2.2.3.jar:/Users/mario.david/.gradle/caches/modules-2/files-2.1/com.vaadin/vaadin-spring-boot-starter/24.3.9/12f4859a286eda7dcd6d93793b526d8783ae91f8/vaadin-spring-boot-starter-24.3.9.jar:/Users/mario.david/.gradle/caches/modules-2/files-2.1/org.hsqldb/hsqldb/2.7.2/d92d4d2aa515714da2165c9d640d584c2896c9df/hsqldb-2.7.2.jar:/Users/mario.david/.gradle/caches/modules-2/files-2.1/io.jmix.localfs/jmix-localfs/2.2.3/63a454769df7de31248ab116c34445f0145c2c3c/jmix-localfs-2.2.3.jar:/Users/mario.david/.gradle/caches/modules-2/files-2.1/io.jmix.security/jmix-security-data/2.2.3/257a973560ef4a19707c0dc5fd0c276d9425a08c/jmix-security-data-2.2.3.jar:/Users/mario.david/.gradle/caches/modules-2/files-2.1/io.jmix.security/jmix-security/2.2.3/2e48414600bd8828a906bf556e1d90888beb1f75/jmix-security-2.2.3.jar:/Users/mario.david/.gradle/caches/modules-2/files-2.1/io.jmix.data/jmix-eclipselink/2.2.3/b57e334b3c10d60cc0032d07590bfaf53c888487/jmix-eclipselink-2.2.3.jar:/Users/mario.david/.gradle/caches/modules-2/files-2.1/io.jmix.data/jmix-data-autoconfigure/2.2.3/a59f9328f44532e363703de8c6a5c85ff499ecd7/jmix-data-autoconfigure-2.2.3.jar:/Users/mario.david/.gradle/caches/modules-2/files-2.1/io.jmix.datatools/jmix-datatools/2.2.3/cc22569824d9e771ee71a1d494cb9fccec4b5797/jmix-datatools-2.2.3.jar:/Users/mario.david/.gradle/caches/modules-2/files-2.1/io.jmix.data/jmix-data/2.2.3/98e848aa877a57da9f9f27e3cc2e63e4075347e5/jmix-data-2.2.3.jar:/Users/mario.david/.gradle/caches/modules-2/files-2.1/io.jmix.core/jmix-core/2.2.3/cbd051a14b777280665c2e546fd44f20cf424a1b/jmix-core-2.2.3.jar:/Users/mario.david/.gradle/caches/modules-2/files-2.1/io.jmix.flowui/jmix-flowui-kit/2.2.3/472b637a8959318c2aad57bcb3074b64587a56d4/jmix-flowui-kit-2.2.3.jar:/Users/mario.david/.gradle/caches/modules-2/files-2.1/com.google.guava/guava/32.1.2-jre/5e64ec7e056456bef3a4bc4c6fdaef71e8ab6318/guava-32.1.2-jre.jar:/Users/mario.david/.gradle/caches/modules-2/files-2.1/org.apache.poi/poi-ooxml/5.2.3/2efd11c940adb18c03eb9ce7ad88fc40ee6a196/poi-ooxml-5.2.3.jar:/Users/mario.david/.gradle/caches/modules-2/files-2.1/org.apache.poi/poi/5.2.3/2fb22ae74ad5aea6af1a9c64b9542f2ccf348604/poi-5.2.3.jar:/Users/mario.david/.gradle/caches/modules-2/files-2.1/com.vaadin/vaadin-spring/24.3.8/37c6b0b49d6966e9a9faeadc1706608f687f2472/vaadin-spring-24.3.8.jar:/Users/mario.david/.gradle/caches/modules-2/files-2.1/com.vaadin/vaadin-core/24.3.9/dfbf14b039542fbbdf6f66387d0cf8f72b91934/vaadin-core-24.3.9.jar:/Users/mario.david/.gradle/caches/modules-2/files-2.1/com.vaadin/vaadin-core-internal/24.3.9/d109f284306dc54a25b9aad41a26d6b958285bb9/vaadin-core-internal-24.3.9.jar:/Users/mario.david/.gradle/caches/modules-2/files-2.1/com.vaadin/flow-lit-template/24.3.8/83d9d2ecc7f27fb0f3516f75a9191df54f3df13e/flow-lit-template-24.3.8.jar:/Users/mario.david/.gradle/caches/modules-2/files-2.1/com.vaadin/vaadin-grid-flow/24.3.9/e47cc9ee020e7cd1496a36b7f023c0e8e75fa67e/vaadin-grid-flow-24.3.9.jar:/Users/mario.david/.gradle/caches/modules-2/files-2.1/com.vaadin/vaadin-menu-bar-flow/24.3.9/d6f7f141758e0702759fa16eff87dab778d48293/vaadin-menu-bar-flow-24.3.9.jar:/Users/mario.david/.gradle/caches/modules-2/files-2.1/com.vaadin/vaadin-context-menu-flow/24.3.9/72c75642e7d282c3f6012c27120a8a704cb741f5/vaadin-context-menu-flow-24.3.9.jar:/Users/mario.david/.gradle/caches/modules-2/files-2.1/com.vaadin/flow-html-components/24.3.8/4233042615c9d5238770c47feb4d4aa23b8ea7dd/flow-html-components-24.3.8.jar:/Users/mario.david/.gradle/caches/modules-2/files-2.1/com.vaadin/flow-data/24.3.8/78e6d9087c74dbcbb44e6002ebd09d2eeb23a544/flow-data-24.3.8.jar:/Users/mario.david/.gradle/caches/modules-2/files-2.1/com.vaadin/flow-dnd/24.3.8/ea20559cf7e20ed56689c76aa58502863b5ba951/flow-dnd-24.3.8.jar:/Users/mario.david/.gradle/caches/modules-2/files-2.1/com.vaadin/vaadin-confirm-dialog-flow/24.3.9/8047a1c5fd1f96fd102997433187bbc51bb051d8/vaadin-confirm-dialog-flow-24.3.9.jar:/Users/mario.david/.gradle/caches/modules-2/files-2.1/com.vaadin/vaadin-dev/24.3.9/5d92cc5f74bcbab321bc1f6a5c55f7c44560e970/vaadin-dev-24.3.9.jar:/Users/mario.david/.gradle/caches/modules-2/files-2.1/com.vaadin/vaadin-dev-bundle/24.3.9/91d8af8082a03ccd41d3528d723e43fe711304ba/vaadin-dev-bundle-24.3.9.jar:/Users/mario.david/.gradle/caches/modules-2/files-2.1/com.vaadin/vaadin-dev-server/24.3.8/3d320f30658c69890206722bd379d0907c98c796/vaadin-dev-server-24.3.8.jar:/Users/mario.david/.gradle/caches/modules-2/files-2.1/com.vaadin/flow-server/24.3.8/9a0917759c7e3b43909e1588b5aee6ea44955f60/flow-server-24.3.8.jar:/Users/mario.david/.gradle/caches/modules-2/files-2.1/org.apache.commons/commons-compress/1.26.1/44331c1130c370e726a2e1a3e6fba6d2558ef04a/commons-compress-1.26.1.jar:/Users/mario.david/.gradle/caches/modules-2/files-2.1/org.apache.commons/commons-fileupload2-jakarta/2.0.0-M1/3695e957ef5ca6e63b9b934064ecf4aee6518023/commons-fileupload2-jakarta-2.0.0-M1.jar:/Users/mario.david/.gradle/caches/modules-2/files-2.1/com.vaadin/license-checker/1.12.8/9a68dd63a9c1337e8d62b345afd122096d80bbce/license-checker-1.12.8.jar:/Users/mario.david/.gradle/caches/modules-2/files-2.1/com.vaadin/open/8.5.0/a39e2f7314ffd92b7ee3db8aa3c871c7b3b2615b/open-8.5.0.jar:/Users/mario.david/.gradle/caches/modules-2/files-2.1/org.apache.commons/commons-fileupload2-core/2.0.0-M1/6c262ddf7fb1c99c24a3fbea817065a9146c52c0/commons-fileupload2-core-2.0.0-M1.jar:/Users/mario.david/.gradle/caches/modules-2/files-2.1/commons-io/commons-io/2.15.1/f11560da189ab563a5c8e351941415430e9304ea/commons-io-2.15.1.jar:/Users/mario.david/.gradle/caches/modules-2/files-2.1/org.antlr/antlr-runtime/3.5.2/cd9cd41361c155f3af0f653009dcecb08d8b4afd/antlr-runtime-3.5.2.jar:/Users/mario.david/.gradle/caches/modules-2/files-2.1/org.liquibase/liquibase-core/4.25.0/f661188bc480fcac13cd5d4f0b89f776ff61410/liquibase-core-4.25.0.jar:/Users/mario.david/.gradle/caches/modules-2/files-2.1/com.opencsv/opencsv/5.8/8ec9e6c5e72d83a4122498344a6cf1d22dc08322/opencsv-5.8.jar:/Users/mario.david/.gradle/caches/modules-2/files-2.1/org.apache.commons/commons-collections4/4.4/62ebe7544cb7164d87e0637a2a6a2bdc981395e8/commons-collections4-4.4.jar:/Users/mario.david/.gradle/caches/modules-2/files-2.1/org.apache.commons/commons-text/1.10.0/3363381aef8cef2dbc1023b3e3a9433b08b64e01/commons-text-1.10.0.jar:/Users/mario.david/.gradle/caches/modules-2/files-2.1/org.dom4j/dom4j/2.1.4/35c16721b88cf17b8279fcb134c0abb161cc0e9b/dom4j-2.1.4.jar:/Users/mario.david/.gradle/caches/modules-2/files-2.1/org.eclipse.persistence/org.eclipse.persistence.jpa/4.0.2-3-jmix/4c969a7fab409b0840939954c34f6389cabee1c3/org.eclipse.persistence.jpa-4.0.2-3-jmix.jar:/Users/mario.david/.gradle/caches/modules-2/files-2.1/org.eclipse.persistence/org.eclipse.persistence.extension/4.0.2/13001d8cc5af7cc53bc42c314de35cc2932118a2/org.eclipse.persistence.extension-4.0.2.jar:/Users/mario.david/.gradle/caches/modules-2/files-2.1/org.eclipse.persistence/org.eclipse.persistence.core/4.0.2-3-jmix/fbd6710a3b2ab61e19881cf86d5eb51685c4e562/org.eclipse.persistence.core-4.0.2-3-jmix.jar:/Users/mario.david/.gradle/caches/modules-2/files-2.1/org.glassfish/jakarta.el/4.0.2/d67e18e7b3500dc91fe941ed3a1807074eaac750/jakarta.el-4.0.2.jar:/Users/mario.david/.gradle/caches/modules-2/files-2.1/org.jsoup/jsoup/1.17.2/1e75b08d7019546a954f1e359477f916f537a34d/jsoup-1.17.2.jar:/Users/mario.david/.gradle/caches/modules-2/files-2.1/org.apache.groovy/groovy/4.0.20/d5bd8f500fc3fac63b6de06e597940defb8320fa/groovy-4.0.20.jar:/Users/mario.david/.gradle/caches/modules-2/files-2.1/com.fasterxml.jackson.datatype/jackson-datatype-jdk8/2.16.0/20ebeb699640f96fc6dd8d3852cb52a57da13333/jackson-datatype-jdk8-2.16.0.jar:/Users/mario.david/.gradle/caches/modules-2/files-2.1/com.fasterxml.jackson.module/jackson-module-parameter-names/2.16.0/c8593a46de816e9121542aebdc8650f41fdb1a0b/jackson-module-parameter-names-2.16.0.jar:/Users/mario.david/.gradle/caches/modules-2/files-2.1/com.fasterxml.jackson.core/jackson-core/2.16.0/899e5cf01be55fbf094ad72b2edb0c5df99111ee/jackson-core-2.16.0.jar:/Users/mario.david/.gradle/caches/modules-2/files-2.1/com.fasterxml.jackson.datatype/jackson-datatype-jsr310/2.16.0/77e3a27823f795d928b897d8444744ddb044a5c3/jackson-datatype-jsr310-2.16.0.jar:/Users/mario.david/.gradle/caches/modules-2/files-2.1/com.fasterxml.jackson.core/jackson-databind/2.16.0/3a6b7f8ff7b30d518bbd65678e9c30cd881f19a7/jackson-databind-2.16.0.jar:/Users/mario.david/.gradle/caches/modules-2/files-2.1/com.fasterxml.jackson.core/jackson-annotations/2.16.0/dc30995f7428c0a405eba9b8c619b20d2b3b9905/jackson-annotations-2.16.0.jar:/Users/mario.david/.gradle/caches/modules-2/files-2.1/org.apache.logging.log4j/log4j-to-slf4j/2.21.1/d77b2ba81711ed596cd797cc2b5b5bd7409d841c/log4j-to-slf4j-2.21.1.jar:/Users/mario.david/.gradle/caches/modules-2/files-2.1/org.apache.poi/poi-ooxml-lite/5.2.3/db113c8e9051b0ff967f4911fa20336c8325a7c5/poi-ooxml-lite-5.2.3.jar:/Users/mario.david/.gradle/caches/modules-2/files-2.1/org.apache.xmlbeans/xmlbeans/5.1.1/48a369df0eccb509d46203104e4df9cb00f0f68b/xmlbeans-5.1.1.jar:/Users/mario.david/.gradle/caches/modules-2/files-2.1/org.apache.logging.log4j/log4j-api/2.21.1/74c65e87b9ce1694a01524e192d7be989ba70486/log4j-api-2.21.1.jar:/Users/mario.david/.gradle/caches/modules-2/files-2.1/io.micrometer/micrometer-core/1.12.4/d5b91e2847de7c1213889c532789743eb2f96337/micrometer-core-1.12.4.jar:/Users/mario.david/.gradle/caches/modules-2/files-2.1/org.springframework/spring-webmvc/6.1.5/92809fce136e0b662dc9325529443386ba5ec2c6/spring-webmvc-6.1.5.jar:/Users/mario.david/.gradle/caches/modules-2/files-2.1/org.springframework.security/spring-security-web/6.2.3/d560c082805438b749e4e9267916ca7f1f0a430d/spring-security-web-6.2.3.jar:/Users/mario.david/.gradle/caches/modules-2/files-2.1/org.springframework/spring-websocket/6.1.5/1e23e4966b23e049315bbaafbc57bafca01c7c80/spring-websocket-6.1.5.jar:/Users/mario.david/.gradle/caches/modules-2/files-2.1/org.springframework/spring-web/6.1.5/4f4e92cc52ee33260f1ee0cdc7b7a2f22d49708c/spring-web-6.1.5.jar:/Users/mario.david/.gradle/caches/modules-2/files-2.1/org.springframework.boot/spring-boot-autoconfigure/3.2.4/b3f481aff8f0775f44d78399c804a8c52d75b971/spring-boot-autoconfigure-3.2.4.jar:/Users/mario.david/.gradle/caches/modules-2/files-2.1/org.springframework.boot/spring-boot/3.2.4/ccb7cbb30dcf1d91dbbf20a3219a457eead46601/spring-boot-3.2.4.jar:/Users/mario.david/.gradle/caches/modules-2/files-2.1/org.springframework/spring-context-support/6.1.5/38f29233f0acff569e26dcf9ec7c0aa11dc023a/spring-context-support-6.1.5.jar:/Users/mario.david/.gradle/caches/modules-2/files-2.1/org.springframework.security/spring-security-config/6.2.3/281d0393358b963147b5499789ad211f7362d460/spring-security-config-6.2.3.jar:/Users/mario.david/.gradle/caches/modules-2/files-2.1/org.springframework.security/spring-security-core/6.2.3/52f2751381dcfad2c8cd2bfb4c7ca7b1adf2ea5e/spring-security-core-6.2.3.jar:/Users/mario.david/.gradle/caches/modules-2/files-2.1/org.springframework/spring-context/6.1.5/735d1bd7372d7c53e7b31b4a9c980ce2e0b26424/spring-context-6.1.5.jar:/Users/mario.david/.gradle/caches/modules-2/files-2.1/io.micrometer/micrometer-observation/1.12.4/492deebbd9b8ab23f588428f66578e21af266e01/micrometer-observation-1.12.4.jar:/Users/mario.david/.gradle/caches/modules-2/files-2.1/io.micrometer/micrometer-commons/1.12.4/a57f10c78956b38087f97beae66cf14cb8b08d34/micrometer-commons-1.12.4.jar:/Users/mario.david/.gradle/caches/modules-2/files-2.1/org.springframework.data/spring-data-commons/3.2.4/c934470822afb9f0751915b229d6fe28ff5e1ac2/spring-data-commons-3.2.4.jar:/Users/mario.david/.gradle/caches/modules-2/files-2.1/org.springframework/spring-aop/6.1.5/a4f596bd3c55b6cec93f0e2e7245dd0bab8afec3/spring-aop-6.1.5.jar:/Users/mario.david/.gradle/caches/modules-2/files-2.1/org.springframework/spring-messaging/6.1.5/d3b0857d07b167a124100c43a41296b07f09388f/spring-messaging-6.1.5.jar:/Users/mario.david/.gradle/caches/modules-2/files-2.1/org.springframework/spring-orm/6.1.5/d2dc2b996680fcc8ae5aea294f0ce6bda5577c7c/spring-orm-6.1.5.jar:/Users/mario.david/.gradle/caches/modules-2/files-2.1/org.springframework/spring-jdbc/6.1.5/e8617dcddd3377c809b3e62c325fcb923163cb20/spring-jdbc-6.1.5.jar:/Users/mario.david/.gradle/caches/modules-2/files-2.1/org.springframework/spring-tx/6.1.5/90e95f4c3e30f9ecaef6ba53186ed21afebba618/spring-tx-6.1.5.jar:/Users/mario.david/.gradle/caches/modules-2/files-2.1/org.springframework/spring-beans/6.1.5/9ae967f467281c9bb977585ef4d5ea7351704d60/spring-beans-6.1.5.jar:/Users/mario.david/.gradle/caches/modules-2/files-2.1/org.springframework/spring-expression/6.1.5/7e21cb1c6bbef1509e12d485b75ffc61278d9fa7/spring-expression-6.1.5.jar:/Users/mario.david/.gradle/caches/modules-2/files-2.1/org.springframework/spring-core/6.1.5/6dae1b06ffacbb9abab636be2dbc6acd3b6e5d68/spring-core-6.1.5.jar:/Users/mario.david/.gradle/caches/modules-2/files-2.1/org.springframework/spring-jcl/6.1.5/896ae3519327731589c6e77521656b50ae32d5b3/spring-jcl-6.1.5.jar:/Users/mario.david/.gradle/caches/modules-2/files-2.1/org.springframework.security/spring-security-crypto/6.2.3/dbe4e299636951e00f18223a1794806d75000e7d/spring-security-crypto-6.2.3.jar:/Users/mario.david/.gradle/caches/modules-2/files-2.1/org.aspectj/aspectjweaver/1.9.21/beaabaea95c7f3330f415c72ee0ffe79b51d172f/aspectjweaver-1.9.21.jar:/Users/mario.david/.gradle/caches/modules-2/files-2.1/org.hibernate.validator/hibernate-validator/8.0.1.Final/e49e116b3d3928060599b176b3538bb848718e95/hibernate-validator-8.0.1.Final.jar:/Users/mario.david/.gradle/caches/modules-2/files-2.1/com.fasterxml/classmate/1.6.0/91affab6f84a2182fce5dd72a8d01bc14346dddd/classmate-1.6.0.jar:/Users/mario.david/.gradle/caches/modules-2/files-2.1/commons-codec/commons-codec/1.16.1/47bd4d333fba53406f6c6c51884ddbca435c8862/commons-codec-1.16.1.jar:/Users/mario.david/.gradle/caches/modules-2/files-2.1/org.apache.commons/commons-lang3/3.14.0/1ed471194b02f2c6cb734a0cd6f6f107c673afae/commons-lang3-3.14.0.jar:/Users/mario.david/.gradle/caches/modules-2/files-2.1/org.apache.commons/commons-pool2/2.12.0/458563f69fbdaebf7daadfe10dc3a22e42a7de50/commons-pool2-2.12.0.jar:/Users/mario.david/.gradle/caches/modules-2/files-2.1/com.google.code.gson/gson/2.10.1/b3add478d4382b78ea20b1671390a858002feb6c/gson-2.10.1.jar:/Users/mario.david/.gradle/caches/modules-2/files-2.1/com.zaxxer/HikariCP/5.0.1/a74c7f0a37046846e88d54f7cb6ea6d565c65f9c/HikariCP-5.0.1.jar:/Users/mario.david/.gradle/caches/modules-2/files-2.1/jakarta.annotation/jakarta.annotation-api/2.1.1/48b9bda22b091b1f48b13af03fe36db3be6e1ae3/jakarta.annotation-api-2.1.1.jar:/Users/mario.david/.gradle/caches/modules-2/files-2.1/jakarta.persistence/jakarta.persistence-api/3.1.0/66901fa1c373c6aff65c13791cc11da72060a8d6/jakarta.persistence-api-3.1.0.jar:/Users/mario.david/.gradle/caches/modules-2/files-2.1/jakarta.servlet/jakarta.servlet-api/6.0.0/abecc699286e65035ebba9844c03931357a6a963/jakarta.servlet-api-6.0.0.jar:/Users/mario.david/.gradle/caches/modules-2/files-2.1/jakarta.validation/jakarta.validation-api/3.0.2/92b6631659ba35ca09e44874d3eb936edfeee532/jakarta.validation-api-3.0.2.jar:/Users/mario.david/.gradle/caches/modules-2/files-2.1/javax.cache/cache-api/1.1.1/c56fb980eb5208bfee29a9a5b9d951aba076bd91/cache-api-1.1.1.jar:/Users/mario.david/.gradle/caches/modules-2/files-2.1/jaxen/jaxen/2.0.0/bd6a33b0fda054a5678010df843cc999f288dc6c/jaxen-2.0.0.jar:/Users/mario.david/.gradle/caches/modules-2/files-2.1/org.jboss.logging/jboss-logging/3.5.3.Final/c88fc1d8a96d4c3491f55d4317458ccad53ca663/jboss-logging-3.5.3.Final.jar:/Users/mario.david/.gradle/caches/modules-2/files-2.1/ch.qos.logback/logback-classic/1.4.14/d98bc162275134cdf1518774da4a2a17ef6fb94d/logback-classic-1.4.14.jar:/Users/mario.david/.gradle/caches/modules-2/files-2.1/ch.qos.logback/logback-core/1.4.14/4d3c2248219ac0effeb380ed4c5280a80bf395e8/logback-core-1.4.14.jar:/Users/mario.david/.gradle/caches/modules-2/files-2.1/org.slf4j/jul-to-slf4j/2.0.12/eb5f48f782b41cc881b0bf1fb4d88ae2ff6d5b93/jul-to-slf4j-2.0.12.jar:/Users/mario.david/.gradle/caches/modules-2/files-2.1/org.reflections/reflections/0.10.2/b638d7ca0e0fe0146b60a0e7ba232ad852a73b31/reflections-0.10.2.jar:/Users/mario.david/.gradle/caches/modules-2/files-2.1/com.helger/ph-css/7.0.1/bf90c645454020d1d0c2c9c5306c5538db5d8e6b/ph-css-7.0.1.jar:/Users/mario.david/.gradle/caches/modules-2/files-2.1/com.vaadin/flow-push/24.3.8/8d4be4ee33c78c411beb4d2c6c6e50926b333659/flow-push-24.3.8.jar:/Users/mario.david/.gradle/caches/modules-2/files-2.1/com.vaadin.external.atmosphere/atmosphere-runtime/3.0.4.slf4jvaadin1/8dc40d21ab494869b19b53b4e671010bf1e51cd3/atmosphere-runtime-3.0.4.slf4jvaadin1.jar:/Users/mario.david/.gradle/caches/modules-2/files-2.1/io.methvin/directory-watcher/0.18.0/516117adce1b3c41b2d7a086f38b2fb36cc9f2cf/directory-watcher-0.18.0.jar:/Users/mario.david/.gradle/caches/modules-2/files-2.1/com.helger.commons/ph-commons/11.1.0/ae9f3f06b2b58b8f610e42d8df385a8fe20382c3/ph-commons-11.1.0.jar:/Users/mario.david/.gradle/caches/modules-2/files-2.1/com.github.oshi/oshi-core/6.4.10/b1d8ab82d11d92fd639b56d639f8f46f739dd5fa/oshi-core-6.4.10.jar:/Users/mario.david/.gradle/caches/modules-2/files-2.1/org.slf4j/slf4j-api/2.0.12/48f109a2a6d8f446c794f3e3fa0d86df0cdfa312/slf4j-api-2.0.12.jar:/Users/mario.david/.gradle/caches/modules-2/files-2.1/org.yaml/snakeyaml/2.2/3af797a25458550a16bf89acc8e4ab2b7f2bfce0/snakeyaml-2.2.jar:/Users/mario.david/.gradle/caches/modules-2/files-2.1/org.apache.tomcat.embed/tomcat-embed-websocket/10.1.19/adf4710fac2471236f8a466ca678cdf7e6a8257c/tomcat-embed-websocket-10.1.19.jar:/Users/mario.david/.gradle/caches/modules-2/files-2.1/org.apache.tomcat.embed/tomcat-embed-core/10.1.19/3dbbca8acbd4dd6a137c3d6f934a2931512b42ce/tomcat-embed-core-10.1.19.jar:/Users/mario.david/.gradle/caches/modules-2/files-2.1/org.apache.tomcat.embed/tomcat-embed-el/10.1.19/c61a582c391aca130884a5421deedfe1a96c7415/tomcat-embed-el-10.1.19.jar:/Users/mario.david/.gradle/caches/modules-2/files-2.1/jakarta.el/jakarta.el-api/4.0.0/ba9834bd2dba5014072bacbafecffaec1673b0f9/jakarta.el-api-4.0.0.jar:/Users/mario.david/.gradle/caches/modules-2/files-2.1/com.google.guava/failureaccess/1.0.1/1dcf1de382a0bf95a3d8b0849546c88bac1292c9/failureaccess-1.0.1.jar:/Users/mario.david/.gradle/caches/modules-2/files-2.1/com.google.guava/listenablefuture/9999.0-empty-to-avoid-conflict-with-guava/b421526c5f297295adef1c886e5246c39d4ac629/listenablefuture-9999.0-empty-to-avoid-conflict-with-guava.jar:/Users/mario.david/.gradle/caches/modules-2/files-2.1/com.google.code.findbugs/jsr305/3.0.2/25ea2e8b0c338a877313bd4672d3fe056ea78f0d/jsr305-3.0.2.jar:/Users/mario.david/.gradle/caches/modules-2/files-2.1/org.checkerframework/checker-qual/3.33.0/de2b60b62da487644fc11f734e73c8b0b431238f/checker-qual-3.33.0.jar:/Users/mario.david/.gradle/caches/modules-2/files-2.1/com.google.errorprone/error_prone_annotations/2.18.0/89b684257096f548fa39a7df9fdaa409d4d4df91/error_prone_annotations-2.18.0.jar:/Users/mario.david/.gradle/caches/modules-2/files-2.1/javax.xml.stream/stax-api/1.0-2/d6337b0de8b25e53e81b922352fbea9f9f57ba0b/stax-api-1.0-2.jar:/Users/mario.david/.gradle/caches/modules-2/files-2.1/net.java.dev.msv/xsdlib/2013.6.1/280f7c45aaec5102cc756d1afdb416b7775f2ef4/xsdlib-2013.6.1.jar:/Users/mario.david/.gradle/caches/modules-2/files-2.1/javax.xml.bind/jaxb-api/2.3.1/8531ad5ac454cc2deb9d4d32c40c4d7451939b5d/jaxb-api-2.3.1.jar:/Users/mario.david/.gradle/caches/modules-2/files-2.1/org.hdrhistogram/HdrHistogram/2.1.12/6eb7552156e0d517ae80cc2247be1427c8d90452/HdrHistogram-2.1.12.jar:/Users/mario.david/.gradle/caches/modules-2/files-2.1/org.latencyutils/LatencyUtils/2.0.3/769c0b82cb2421c8256300e907298a9410a2a3d3/LatencyUtils-2.0.3.jar:/Users/mario.david/.gradle/caches/modules-2/files-2.1/org.eclipse.persistence/org.eclipse.persistence.asm/9.5.0/b28829841a8203616d7976ec3b94f0523c875ae4/org.eclipse.persistence.asm-9.5.0.jar:/Users/mario.david/.gradle/caches/modules-2/files-2.1/org.eclipse.persistence/org.eclipse.persistence.jpa.jpql/4.0.2/d33900b7274b08acff3b56a80d7e788e18aa012d/org.eclipse.persistence.jpa.jpql-4.0.2.jar:/Users/mario.david/.gradle/caches/modules-2/files-2.1/relaxngDatatype/relaxngDatatype/20020414/de7952cecd05b65e0e4370cc93fc03035175eef5/relaxngDatatype-20020414.jar:/Users/mario.david/.gradle/caches/modules-2/files-2.1/javax.activation/javax.activation-api/1.2.0/85262acf3ca9816f9537ca47d5adeabaead7cb16/javax.activation-api-1.2.0.jar:/Users/mario.david/.gradle/caches/modules-2/files-2.1/org.apache.commons/commons-math3/3.6.1/e4ba98f1d4b3c80ec46392f25e094a6a2e58fcbf/commons-math3-3.6.1.jar:/Users/mario.david/.gradle/caches/modules-2/files-2.1/com.zaxxer/SparseBitSet/1.2/8467c813d442837fcaeddbc42cf5c5359fab4933/SparseBitSet-1.2.jar:/Users/mario.david/.gradle/caches/modules-2/files-2.1/com.github.virtuald/curvesapi/1.07/863654849995f9d4f0ed2ed1a3870da3a108473c/curvesapi-1.07.jar:/Users/mario.david/.gradle/caches/modules-2/files-2.1/com.vaadin/flow-client/24.3.8/3ec03b94fd0224570a424c212b39b4536548619f/flow-client-24.3.8.jar:/Users/mario.david/.gradle/caches/modules-2/files-2.1/com.vaadin/vaadin-lumo-theme/24.3.9/38edeb00a196567b46877b15b71896ccdfb3dde/vaadin-lumo-theme-24.3.9.jar:/Users/mario.david/.gradle/caches/modules-2/files-2.1/com.vaadin/vaadin-material-theme/24.3.9/fea81b6a6d3cc8b1fd20f0b09a2981f83fb764db/vaadin-material-theme-24.3.9.jar:/Users/mario.david/.gradle/caches/modules-2/files-2.1/com.vaadin/vaadin-accordion-flow/24.3.9/e8c900d93078bc6f3c72ea956ffafe34b0aec248/vaadin-accordion-flow-24.3.9.jar:/Users/mario.david/.gradle/caches/modules-2/files-2.1/com.vaadin/vaadin-avatar-flow/24.3.9/16f4bea01306d6156357b3cee9dfaba9e1c6223b/vaadin-avatar-flow-24.3.9.jar:/Users/mario.david/.gradle/caches/modules-2/files-2.1/com.vaadin/vaadin-upload-flow/24.3.9/c9867faf78b1b16d89cb2a9c2341cf104d58872b/vaadin-upload-flow-24.3.9.jar:/Users/mario.david/.gradle/caches/modules-2/files-2.1/com.vaadin/vaadin-app-layout-flow/24.3.9/9d82642f96a781b5ff75b07748d8275bc7ec35bd/vaadin-app-layout-flow-24.3.9.jar:/Users/mario.david/.gradle/caches/modules-2/files-2.1/com.vaadin/vaadin-button-flow/24.3.9/63e6d6e6ac8b0cbdf27ba34a6d4d2103db2b6e02/vaadin-button-flow-24.3.9.jar:/Users/mario.david/.gradle/caches/modules-2/files-2.1/com.vaadin/vaadin-checkbox-flow/24.3.9/aaa919d09a14421b336b807b5bca3f734363b29/vaadin-checkbox-flow-24.3.9.jar:/Users/mario.david/.gradle/caches/modules-2/files-2.1/com.vaadin/vaadin-combo-box-flow/24.3.9/21e120c4b1aa4615e596a9c55b648ea2941608a0/vaadin-combo-box-flow-24.3.9.jar:/Users/mario.david/.gradle/caches/modules-2/files-2.1/com.vaadin/vaadin-custom-field-flow/24.3.9/91fe8e99d12aa8770289a6292dbb1c49508c64a0/vaadin-custom-field-flow-24.3.9.jar:/Users/mario.david/.gradle/caches/modules-2/files-2.1/com.vaadin/vaadin-date-time-picker-flow/24.3.9/ad98b5ab0f0d22c0d3710f5571a71c04bec1272b/vaadin-date-time-picker-flow-24.3.9.jar:/Users/mario.david/.gradle/caches/modules-2/files-2.1/com.vaadin/vaadin-date-picker-flow/24.3.9/49b5a825ae62e3efccf6d816ab0a1d65d61df759/vaadin-date-picker-flow-24.3.9.jar:/Users/mario.david/.gradle/caches/modules-2/files-2.1/com.vaadin/vaadin-details-flow/24.3.9/4fdc718028063e07a705c557e9da515003409bdb/vaadin-details-flow-24.3.9.jar:/Users/mario.david/.gradle/caches/modules-2/files-2.1/com.vaadin/vaadin-time-picker-flow/24.3.9/e880973c15433a0a04e1780c623c0d1efb488560/vaadin-time-picker-flow-24.3.9.jar:/Users/mario.david/.gradle/caches/modules-2/files-2.1/com.vaadin/vaadin-select-flow/24.3.9/87946cc68345d0ed8ad60c3d8ed259387986b250/vaadin-select-flow-24.3.9.jar:/Users/mario.david/.gradle/caches/modules-2/files-2.1/com.vaadin/vaadin-side-nav-flow/24.3.9/6e0d9233a4c653be3e45d84733fb365425fbe676/vaadin-side-nav-flow-24.3.9.jar:/Users/mario.david/.gradle/caches/modules-2/files-2.1/com.vaadin/vaadin-dialog-flow/24.3.9/e67d1cad15c52aa3e8526ae4f87e1b9c2eaf7187/vaadin-dialog-flow-24.3.9.jar:/Users/mario.david/.gradle/caches/modules-2/files-2.1/com.vaadin/vaadin-form-layout-flow/24.3.9/631efe7858c9672d47d02b36dcb54dd9cc741ccc/vaadin-form-layout-flow-24.3.9.jar:/Users/mario.david/.gradle/caches/modules-2/files-2.1/com.vaadin/vaadin-field-highlighter-flow/24.3.9/899153c09bd82879a0bcc5aa8a1158ccce596e76/vaadin-field-highlighter-flow-24.3.9.jar:/Users/mario.david/.gradle/caches/modules-2/files-2.1/com.vaadin/vaadin-icons-flow/24.3.9/27f4115163988b19430cfb3caac9aa497a07af20/vaadin-icons-flow-24.3.9.jar:/Users/mario.david/.gradle/caches/modules-2/files-2.1/com.vaadin/vaadin-virtual-list-flow/24.3.9/e22deb210702f77051c1463c37a0e94a7cbc77a3/vaadin-virtual-list-flow-24.3.9.jar:/Users/mario.david/.gradle/caches/modules-2/files-2.1/com.vaadin/vaadin-list-box-flow/24.3.9/45353d3692c3d826a850d1abce0af17b15601e91/vaadin-list-box-flow-24.3.9.jar:/Users/mario.david/.gradle/caches/modules-2/files-2.1/com.vaadin/vaadin-login-flow/24.3.9/cc7a5c9ce0516db21dfe5d77aedf8d4c2377c3a7/vaadin-login-flow-24.3.9.jar:/Users/mario.david/.gradle/caches/modules-2/files-2.1/com.vaadin/vaadin-messages-flow/24.3.9/904201940c6514cc55fe5af977f0a6be5c6e9613/vaadin-messages-flow-24.3.9.jar:/Users/mario.david/.gradle/caches/modules-2/files-2.1/com.vaadin/vaadin-ordered-layout-flow/24.3.9/55488fb5562c5fab93781d8db08b6f763a902744/vaadin-ordered-layout-flow-24.3.9.jar:/Users/mario.david/.gradle/caches/modules-2/files-2.1/com.vaadin/vaadin-progress-bar-flow/24.3.9/7437471b015c26ff2bc1bb044f57459ec867c2e8/vaadin-progress-bar-flow-24.3.9.jar:/Users/mario.david/.gradle/caches/modules-2/files-2.1/com.vaadin/vaadin-radio-button-flow/24.3.9/2cd6ee2a7321f5e1f24b5cbeab0610919b4c5fa7/vaadin-radio-button-flow-24.3.9.jar:/Users/mario.david/.gradle/caches/modules-2/files-2.1/com.vaadin/vaadin-notification-flow/24.3.9/788aa8adf7071a927a8035bb8506303b9051193e/vaadin-notification-flow-24.3.9.jar:/Users/mario.david/.gradle/caches/modules-2/files-2.1/com.vaadin/vaadin-renderer-flow/24.3.9/d1e824af1f88a0e5b22c1c46fe83fc19a3783420/vaadin-renderer-flow-24.3.9.jar:/Users/mario.david/.gradle/caches/modules-2/files-2.1/com.vaadin/vaadin-split-layout-flow/24.3.9/529ad84911340ca72f0aa4cc0e849480c5a5f1af/vaadin-split-layout-flow-24.3.9.jar:/Users/mario.david/.gradle/caches/modules-2/files-2.1/com.vaadin/vaadin-tabs-flow/24.3.9/502635f8aa55370f46912b34e70e423933dd43ce/vaadin-tabs-flow-24.3.9.jar:/Users/mario.david/.gradle/caches/modules-2/files-2.1/com.vaadin/vaadin-text-field-flow/24.3.9/85e8ad38fcf68d99ca230e2670df5b200ec4e070/vaadin-text-field-flow-24.3.9.jar:/Users/mario.david/.gradle/caches/modules-2/files-2.1/com.vaadin.servletdetector/throw-if-servlet3/1.0.2/29d2e1daed2f3df2e233d6685a52cc888d2519bf/throw-if-servlet3-1.0.2.jar:/Users/mario.david/.gradle/caches/modules-2/files-2.1/com.vaadin.external.gwt/gwt-elemental/2.8.2.vaadin2/abdfd4fcfbc0652298061be8c70a56a6d6e868b2/gwt-elemental-2.8.2.vaadin2.jar:/Users/mario.david/.gradle/caches/modules-2/files-2.1/org.ow2.asm/asm/9.6/aa205cf0a06dbd8e04ece91c0b37c3f5d567546a/asm-9.6.jar:/Users/mario.david/.gradle/caches/modules-2/files-2.1/com.vaadin.external/gentyref/1.2.0.vaadin1/c914574fdf1d7c7b85f58965d10f7a83811bb7c6/gentyref-1.2.0.vaadin1.jar:/Users/mario.david/.gradle/caches/modules-2/files-2.1/org.javassist/javassist/3.28.0-GA/9a958811a88381bb159cc2f5ed79c34a45c4af7a/javassist-3.28.0-GA.jar:/Users/mario.david/.gradle/caches/modules-2/files-2.1/com.vaadin/vaadin-flow-components-base/24.3.9/dc0e9eeaa857aeafcc6d307245e2bfee0af84dc0/vaadin-flow-components-base-24.3.9.jar:/Users/mario.david/.gradle/caches/modules-2/files-2.1/com.github.javaparser/javaparser-core/3.25.6/5e058bea33f92e5dd6f41f86066009cd56250452/javaparser-core-3.25.6.jar:/Users/mario.david/.gradle/caches/modules-2/files-2.1/com.nimbusds/nimbus-jose-jwt/9.37.3/700f71ffefd60c16bd8ce711a956967ea9071cec/nimbus-jose-jwt-9.37.3.jar:/Users/mario.david/.gradle/caches/modules-2/files-2.1/org.lucee/jcip-annotations/1.0.0/ae61631d04820071895117d5d549f4e4efd9e07f/jcip-annotations-1.0.0.jar:/Users/mario.david/.gradle/caches/modules-2/files-2.1/net.java.dev.jna/jna-platform/5.14.0/28934d48aed814f11e4c584da55c49fa7032b31b/jna-platform-5.14.0.jar:/Users/mario.david/.gradle/caches/modules-2/files-2.1/net.java.dev.jna/jna/5.14.0/67bf3eaea4f0718cb376a181a629e5f88fa1c9dd/jna-5.14.0.jar com.company.jetn.JmixExampleTestNotificationsApplication
